
Microsoft Visual Studio Solution File, Format Version 12.00
# Visual Studio 15
Project("{FAE04EC0-301F-11D3-BF4B-00C04F79EFBC}") = "HexaTD", "HexaTD.csproj", "{D85481F6-EB3C-1565-5A78-CEFE161A2420}"
EndProject
Global
	GlobalSection(SolutionConfigurationPlatforms) = preSolution
		Debug|Any CPU = Debug|Any CPU
		Release|Any CPU = Release|Any CPU
	EndGlobalSection
	GlobalSection(ProjectConfigurationPlatforms) = postSolution
		{D85481F6-EB3C-1565-5A78-CEFE161A2420}.Debug|Any CPU.ActiveCfg = Debug|Any CPU
		{D85481F6-EB3C-1565-5A78-CEFE161A2420}.Debug|Any CPU.Build.0 = Debug|Any CPU
		{D85481F6-EB3C-1565-5A78-CEFE161A2420}.Release|Any CPU.ActiveCfg = Release|Any CPU
		{D85481F6-EB3C-1565-5A78-CEFE161A2420}.Release|Any CPU.Build.0 = Release|Any CPU
	EndGlobalSection
	GlobalSection(SolutionProperties) = preSolution
		HideSolutionNode = FALSE
	EndGlobalSection
EndGlobal
